
Microsoft Visual Studio Solution File, Format Version 12.00
# Visual Studio Version 16
VisualStudioVersion = 16.0.808.4
MinimumVisualStudioVersion = 10.0.40219.1
Project("{FAE04EC0-301F-11D3-BF4B-00C04F79EFBC}") = "DemoCode", "Program\DemoCode.csproj", "{136B0EED-FE79-42CB-9EB2-D515657CD420}"
EndProject
Project("{FAE04EC0-301F-11D3-BF4B-00C04F79EFBC}") = "Test", "UnitTest\Test.csproj", "{4186F007-F266-4B5C-963C-AB374CEA3F2B}"
EndProject
Global
	GlobalSection(SolutionConfigurationPlatforms) = preSolution
		Debug|Any CPU = Debug|Any CPU
		Release|Any CPU = Release|Any CPU
	EndGlobalSection
	GlobalSection(ProjectConfigurationPlatforms) = postSolution
		{136B0EED-FE79-42CB-9EB2-D515657CD420}.Debug|Any CPU.ActiveCfg = Debug|Any CPU
		{136B0EED-FE79-42CB-9EB2-D515657CD420}.Debug|Any CPU.Build.0 = Debug|Any CPU
		{136B0EED-FE79-42CB-9EB2-D515657CD420}.Release|Any CPU.ActiveCfg = Release|Any CPU
		{136B0EED-FE79-42CB-9EB2-D515657CD420}.Release|Any CPU.Build.0 = Release|Any CPU
		{4186F007-F266-4B5C-963C-AB374CEA3F2B}.Debug|Any CPU.ActiveCfg = Debug|Any CPU
		{4186F007-F266-4B5C-963C-AB374CEA3F2B}.Debug|Any CPU.Build.0 = Debug|Any CPU
		{4186F007-F266-4B5C-963C-AB374CEA3F2B}.Release|Any CPU.ActiveCfg = Release|Any CPU
		{4186F007-F266-4B5C-963C-AB374CEA3F2B}.Release|Any CPU.Build.0 = Release|Any CPU
	EndGlobalSection
	GlobalSection(SolutionProperties) = preSolution
		HideSolutionNode = FALSE
	EndGlobalSection
	GlobalSection(ExtensibilityGlobals) = postSolution
		SolutionGuid = {4D3B9889-2742-4913-A38F-CC3744C30804}
	EndGlobalSection
EndGlobal
